// !$*UTF8*$!
{
	archiveVersion = 1;
	classes = {
	};
	objectVersion = 46;
	objects = {

/* Begin PBXBuildFile section */
		5D0AF146A29E4F2E585AD97E /* Pods_Mcber.framework in Frameworks */ = {isa = PBXBuildFile; fileRef = B5FE5D50B3DFDE52674FC3DA /* Pods_Mcber.framework */; };
		63BA630D774EA2A9F34D8183 /* Pods_McberTests.framework in Frameworks */ = {isa = PBXBuildFile; fileRef = 596BB4177A51AEAA41ABFD10 /* Pods_McberTests.framework */; };
		FA6CF10F1F688A9B0026D126 /* AnalyticsService.swift in Sources */ = {isa = PBXBuildFile; fileRef = FA6CF10E1F688A9B0026D126 /* AnalyticsService.swift */; };
		FA6CF1111F688AEC0026D126 /* ReferenceService.swift in Sources */ = {isa = PBXBuildFile; fileRef = FA6CF1101F688AEC0026D126 /* ReferenceService.swift */; };
		FA6CF1131F688B060026D126 /* MainAPIService.swift in Sources */ = {isa = PBXBuildFile; fileRef = FA6CF1121F688B060026D126 /* MainAPIService.swift */; };
		FA6CF1161F688D180026D126 /* SkillReferenceModel.swift in Sources */ = {isa = PBXBuildFile; fileRef = FA6CF1151F688D180026D126 /* SkillReferenceModel.swift */; };
		FA6CF1181F688D2B0026D126 /* ResourceReferenceModel.swift in Sources */ = {isa = PBXBuildFile; fileRef = FA6CF1171F688D2B0026D126 /* ResourceReferenceModel.swift */; };
		FA6CF1271F6919350026D126 /* LoginViewController.swift in Sources */ = {isa = PBXBuildFile; fileRef = FA6CF1261F6919350026D126 /* LoginViewController.swift */; };
		FA6CF1291F69197D0026D126 /* RegisterViewController.swift in Sources */ = {isa = PBXBuildFile; fileRef = FA6CF1281F69197D0026D126 /* RegisterViewController.swift */; };
		FA6CF12B1F693E850026D126 /* LoginService.swift in Sources */ = {isa = PBXBuildFile; fileRef = FA6CF12A1F693E850026D126 /* LoginService.swift */; };
		FA6CF12D1F69DEDD0026D126 /* AvatarListViewController.swift in Sources */ = {isa = PBXBuildFile; fileRef = FA6CF12C1F69DEDD0026D126 /* AvatarListViewController.swift */; };
		FA6CF12F1F69DF010026D126 /* UserDetailsViewController.swift in Sources */ = {isa = PBXBuildFile; fileRef = FA6CF12E1F69DF010026D126 /* UserDetailsViewController.swift */; };
		FA6CF1311F69DF210026D126 /* ActivityListViewController.swift in Sources */ = {isa = PBXBuildFile; fileRef = FA6CF1301F69DF210026D126 /* ActivityListViewController.swift */; };
		FA6CF1331F69E0FD0026D126 /* GameStateService.swift in Sources */ = {isa = PBXBuildFile; fileRef = FA6CF1321F69E0FD0026D126 /* GameStateService.swift */; };
		FA6CF1351F69E1560026D126 /* AvatarModel.swift in Sources */ = {isa = PBXBuildFile; fileRef = FA6CF1341F69E1560026D126 /* AvatarModel.swift */; };
		FA6CF15C1F6A66DA0026D126 /* AvatarCell.swift in Sources */ = {isa = PBXBuildFile; fileRef = FA6CF15B1F6A66DA0026D126 /* AvatarCell.swift */; };
		FA6CF1651F6A91640026D126 /* StartExploreViewController.swift in Sources */ = {isa = PBXBuildFile; fileRef = FA6CF1641F6A91640026D126 /* StartExploreViewController.swift */; };
		FA6CF1671F6A93550026D126 /* ForwardNavigationCell.swift in Sources */ = {isa = PBXBuildFile; fileRef = FA6CF1661F6A93550026D126 /* ForwardNavigationCell.swift */; };
		FA6CF1691F6A94EF0026D126 /* ForwardNavigationHeader.swift in Sources */ = {isa = PBXBuildFile; fileRef = FA6CF1681F6A94EF0026D126 /* ForwardNavigationHeader.swift */; };
		FA6CF16B1F6A9B3A0026D126 /* RealmCell.swift in Sources */ = {isa = PBXBuildFile; fileRef = FA6CF16A1F6A9B3A0026D126 /* RealmCell.swift */; };
		FA6CF16D1F6B2DCF0026D126 /* RealmLevelCell.swift in Sources */ = {isa = PBXBuildFile; fileRef = FA6CF16C1F6B2DCF0026D126 /* RealmLevelCell.swift */; };
		FA6CF16F1F6B2EBD0026D126 /* RealmListViewController.swift in Sources */ = {isa = PBXBuildFile; fileRef = FA6CF16E1F6B2EBD0026D126 /* RealmListViewController.swift */; };
		FAA191AD1F6739CF0076CDC7 /* AppDelegate.swift in Sources */ = {isa = PBXBuildFile; fileRef = FAA191AC1F6739CF0076CDC7 /* AppDelegate.swift */; };
		FAA191B41F6739CF0076CDC7 /* Assets.xcassets in Resources */ = {isa = PBXBuildFile; fileRef = FAA191B31F6739CF0076CDC7 /* Assets.xcassets */; };
		FAA191B71F6739CF0076CDC7 /* LaunchScreen.storyboard in Resources */ = {isa = PBXBuildFile; fileRef = FAA191B51F6739CF0076CDC7 /* LaunchScreen.storyboard */; };
		FAA191C21F6739CF0076CDC7 /* McberTests.swift in Sources */ = {isa = PBXBuildFile; fileRef = FAA191C11F6739CF0076CDC7 /* McberTests.swift */; };
		FAA191CD1F6739CF0076CDC7 /* McberUITests.swift in Sources */ = {isa = PBXBuildFile; fileRef = FAA191CC1F6739CF0076CDC7 /* McberUITests.swift */; };
		FAA191EA1F673A4B0076CDC7 /* BaseCollectionViewController.swift in Sources */ = {isa = PBXBuildFile; fileRef = FAA191DC1F673A4B0076CDC7 /* BaseCollectionViewController.swift */; };
		FAA191EB1F673A4B0076CDC7 /* BaseViewController.swift in Sources */ = {isa = PBXBuildFile; fileRef = FAA191DD1F673A4B0076CDC7 /* BaseViewController.swift */; };
		FAA191EC1F673A4B0076CDC7 /* CollectionViewSectionController.swift in Sources */ = {isa = PBXBuildFile; fileRef = FAA191DE1F673A4B0076CDC7 /* CollectionViewSectionController.swift */; };
		FAA191ED1F673A4B0076CDC7 /* NetAPIService.swift in Sources */ = {isa = PBXBuildFile; fileRef = FAA191E11F673A4B0076CDC7 /* NetAPIService.swift */; };
		FAA191EE1F673A4B0076CDC7 /* ServiceLocator.swift in Sources */ = {isa = PBXBuildFile; fileRef = FAA191E21F673A4B0076CDC7 /* ServiceLocator.swift */; };
		FAA191EF1F673A4B0076CDC7 /* ThemedCollectionReusableView.swift in Sources */ = {isa = PBXBuildFile; fileRef = FAA191E41F673A4B0076CDC7 /* ThemedCollectionReusableView.swift */; };
		FAA191F01F673A4B0076CDC7 /* ThemedCollectionViewCell.swift in Sources */ = {isa = PBXBuildFile; fileRef = FAA191E51F673A4B0076CDC7 /* ThemedCollectionViewCell.swift */; };
		FAA191F11F673A4B0076CDC7 /* ThemeService.swift in Sources */ = {isa = PBXBuildFile; fileRef = FAA191E61F673A4B0076CDC7 /* ThemeService.swift */; };
		FAA191F21F673A4B0076CDC7 /* ObserverSet.swift in Sources */ = {isa = PBXBuildFile; fileRef = FAA191E81F673A4B0076CDC7 /* ObserverSet.swift */; };
		FAA191FA1F673BF40076CDC7 /* RootViewController.swift in Sources */ = {isa = PBXBuildFile; fileRef = FAA191F91F673BF40076CDC7 /* RootViewController.swift */; };
		FAA191FD1F673EAB0076CDC7 /* UserModel.swift in Sources */ = {isa = PBXBuildFile; fileRef = FAA191FC1F673EAB0076CDC7 /* UserModel.swift */; };
		FAA191FF1F673ED00076CDC7 /* LoginResponse.swift in Sources */ = {isa = PBXBuildFile; fileRef = FAA191FE1F673ED00076CDC7 /* LoginResponse.swift */; };
		FAA192011F673F200076CDC7 /* RealmModel.swift in Sources */ = {isa = PBXBuildFile; fileRef = FAA192001F673F200076CDC7 /* RealmModel.swift */; };
		FAD01BC81F6CB4A500DE39B3 /* ActivityModel.swift in Sources */ = {isa = PBXBuildFile; fileRef = FAD01BC71F6CB4A500DE39B3 /* ActivityModel.swift */; };
		FAD01BCA1F6CB6C700DE39B3 /* ActivityService.swift in Sources */ = {isa = PBXBuildFile; fileRef = FAD01BC91F6CB6C700DE39B3 /* ActivityService.swift */; };
		FAD01BCC1F6CC20100DE39B3 /* ActivityItemCell.swift in Sources */ = {isa = PBXBuildFile; fileRef = FAD01BCB1F6CC20100DE39B3 /* ActivityItemCell.swift */; };
		FAD01BCE1F6CC3DF00DE39B3 /* SectionHeaderView.swift in Sources */ = {isa = PBXBuildFile; fileRef = FAD01BCD1F6CC3DF00DE39B3 /* SectionHeaderView.swift */; };
		FAD01BD01F6CD96100DE39B3 /* AvatarDetailViewController.swift in Sources */ = {isa = PBXBuildFile; fileRef = FAD01BCF1F6CD96100DE39B3 /* AvatarDetailViewController.swift */; };
		FAD01BD21F6CDBF000DE39B3 /* AvatarSkillCell.swift in Sources */ = {isa = PBXBuildFile; fileRef = FAD01BD11F6CDBF000DE39B3 /* AvatarSkillCell.swift */; };
		FAD01BD41F6CDE3F00DE39B3 /* ProgressView.swift in Sources */ = {isa = PBXBuildFile; fileRef = FAD01BD31F6CDE3F00DE39B3 /* ProgressView.swift */; };
		FAD01BD61F6D05A000DE39B3 /* ResourceCell.swift in Sources */ = {isa = PBXBuildFile; fileRef = FAD01BD51F6D05A000DE39B3 /* ResourceCell.swift */; };
/* End PBXBuildFile section */

/* Begin PBXContainerItemProxy section */
		FAA191BE1F6739CF0076CDC7 /* PBXContainerItemProxy */ = {
			isa = PBXContainerItemProxy;
			containerPortal = FAA191A11F6739CF0076CDC7 /* Project object */;
			proxyType = 1;
			remoteGlobalIDString = FAA191A81F6739CF0076CDC7;
			remoteInfo = Mcber;
		};
		FAA191C91F6739CF0076CDC7 /* PBXContainerItemProxy */ = {
			isa = PBXContainerItemProxy;
			containerPortal = FAA191A11F6739CF0076CDC7 /* Project object */;
			proxyType = 1;
			remoteGlobalIDString = FAA191A81F6739CF0076CDC7;
			remoteInfo = Mcber;
		};
/* End PBXContainerItemProxy section */

/* Begin PBXFileReference section */
		1F52C8BAE7D2F539995A526F /* Pods-Mcber.release.xcconfig */ = {isa = PBXFileReference; includeInIndex = 1; lastKnownFileType = text.xcconfig; name = "Pods-Mcber.release.xcconfig"; path = "Pods/Target Support Files/Pods-Mcber/Pods-Mcber.release.xcconfig"; sourceTree = "<group>"; };
		596BB4177A51AEAA41ABFD10 /* Pods_McberTests.framework */ = {isa = PBXFileReference; explicitFileType = wrapper.framework; includeInIndex = 0; path = Pods_McberTests.framework; sourceTree = BUILT_PRODUCTS_DIR; };
		6D5E48B446C98391A8AE2E5B /* Pods-Mcber.debug.xcconfig */ = {isa = PBXFileReference; includeInIndex = 1; lastKnownFileType = text.xcconfig; name = "Pods-Mcber.debug.xcconfig"; path = "Pods/Target Support Files/Pods-Mcber/Pods-Mcber.debug.xcconfig"; sourceTree = "<group>"; };
		A2A7EAC70B0497B85FE44831 /* Pods-McberTests.debug.xcconfig */ = {isa = PBXFileReference; includeInIndex = 1; lastKnownFileType = text.xcconfig; name = "Pods-McberTests.debug.xcconfig"; path = "Pods/Target Support Files/Pods-McberTests/Pods-McberTests.debug.xcconfig"; sourceTree = "<group>"; };
		AEFFE4BAF05448C99A8D8564 /* Pods-McberTests.release.xcconfig */ = {isa = PBXFileReference; includeInIndex = 1; lastKnownFileType = text.xcconfig; name = "Pods-McberTests.release.xcconfig"; path = "Pods/Target Support Files/Pods-McberTests/Pods-McberTests.release.xcconfig"; sourceTree = "<group>"; };
		B5FE5D50B3DFDE52674FC3DA /* Pods_Mcber.framework */ = {isa = PBXFileReference; explicitFileType = wrapper.framework; includeInIndex = 0; path = Pods_Mcber.framework; sourceTree = BUILT_PRODUCTS_DIR; };
		FA6CF10E1F688A9B0026D126 /* AnalyticsService.swift */ = {isa = PBXFileReference; fileEncoding = 4; lastKnownFileType = sourcecode.swift; path = AnalyticsService.swift; sourceTree = "<group>"; };
		FA6CF1101F688AEC0026D126 /* ReferenceService.swift */ = {isa = PBXFileReference; fileEncoding = 4; lastKnownFileType = sourcecode.swift; path = ReferenceService.swift; sourceTree = "<group>"; };
		FA6CF1121F688B060026D126 /* MainAPIService.swift */ = {isa = PBXFileReference; fileEncoding = 4; lastKnownFileType = sourcecode.swift; path = MainAPIService.swift; sourceTree = "<group>"; };
		FA6CF1151F688D180026D126 /* SkillReferenceModel.swift */ = {isa = PBXFileReference; fileEncoding = 4; lastKnownFileType = sourcecode.swift; path = SkillReferenceModel.swift; sourceTree = "<group>"; };
		FA6CF1171F688D2B0026D126 /* ResourceReferenceModel.swift */ = {isa = PBXFileReference; fileEncoding = 4; lastKnownFileType = sourcecode.swift; path = ResourceReferenceModel.swift; sourceTree = "<group>"; };
		FA6CF1261F6919350026D126 /* LoginViewController.swift */ = {isa = PBXFileReference; fileEncoding = 4; lastKnownFileType = sourcecode.swift; path = LoginViewController.swift; sourceTree = "<group>"; };
		FA6CF1281F69197D0026D126 /* RegisterViewController.swift */ = {isa = PBXFileReference; fileEncoding = 4; lastKnownFileType = sourcecode.swift; path = RegisterViewController.swift; sourceTree = "<group>"; };
		FA6CF12A1F693E850026D126 /* LoginService.swift */ = {isa = PBXFileReference; fileEncoding = 4; lastKnownFileType = sourcecode.swift; path = LoginService.swift; sourceTree = "<group>"; };
		FA6CF12C1F69DEDD0026D126 /* AvatarListViewController.swift */ = {isa = PBXFileReference; fileEncoding = 4; lastKnownFileType = sourcecode.swift; path = AvatarListViewController.swift; sourceTree = "<group>"; };
		FA6CF12E1F69DF010026D126 /* UserDetailsViewController.swift */ = {isa = PBXFileReference; fileEncoding = 4; lastKnownFileType = sourcecode.swift; path = UserDetailsViewController.swift; sourceTree = "<group>"; };
		FA6CF1301F69DF210026D126 /* ActivityListViewController.swift */ = {isa = PBXFileReference; fileEncoding = 4; lastKnownFileType = sourcecode.swift; path = ActivityListViewController.swift; sourceTree = "<group>"; };
		FA6CF1321F69E0FD0026D126 /* GameStateService.swift */ = {isa = PBXFileReference; fileEncoding = 4; lastKnownFileType = sourcecode.swift; path = GameStateService.swift; sourceTree = "<group>"; };
		FA6CF1341F69E1560026D126 /* AvatarModel.swift */ = {isa = PBXFileReference; fileEncoding = 4; lastKnownFileType = sourcecode.swift; path = AvatarModel.swift; sourceTree = "<group>"; };
		FA6CF15B1F6A66DA0026D126 /* AvatarCell.swift */ = {isa = PBXFileReference; fileEncoding = 4; lastKnownFileType = sourcecode.swift; path = AvatarCell.swift; sourceTree = "<group>"; };
		FA6CF1641F6A91640026D126 /* StartExploreViewController.swift */ = {isa = PBXFileReference; fileEncoding = 4; lastKnownFileType = sourcecode.swift; path = StartExploreViewController.swift; sourceTree = "<group>"; };
		FA6CF1661F6A93550026D126 /* ForwardNavigationCell.swift */ = {isa = PBXFileReference; fileEncoding = 4; lastKnownFileType = sourcecode.swift; path = ForwardNavigationCell.swift; sourceTree = "<group>"; };
		FA6CF1681F6A94EF0026D126 /* ForwardNavigationHeader.swift */ = {isa = PBXFileReference; fileEncoding = 4; lastKnownFileType = sourcecode.swift; path = ForwardNavigationHeader.swift; sourceTree = "<group>"; };
		FA6CF16A1F6A9B3A0026D126 /* RealmCell.swift */ = {isa = PBXFileReference; fileEncoding = 4; lastKnownFileType = sourcecode.swift; path = RealmCell.swift; sourceTree = "<group>"; };
		FA6CF16C1F6B2DCF0026D126 /* RealmLevelCell.swift */ = {isa = PBXFileReference; fileEncoding = 4; lastKnownFileType = sourcecode.swift; path = RealmLevelCell.swift; sourceTree = "<group>"; };
		FA6CF16E1F6B2EBD0026D126 /* RealmListViewController.swift */ = {isa = PBXFileReference; fileEncoding = 4; lastKnownFileType = sourcecode.swift; path = RealmListViewController.swift; sourceTree = "<group>"; };
		FAA191A91F6739CF0076CDC7 /* Mcber.app */ = {isa = PBXFileReference; explicitFileType = wrapper.application; includeInIndex = 0; path = Mcber.app; sourceTree = BUILT_PRODUCTS_DIR; };
		FAA191AC1F6739CF0076CDC7 /* AppDelegate.swift */ = {isa = PBXFileReference; lastKnownFileType = sourcecode.swift; path = AppDelegate.swift; sourceTree = "<group>"; };
		FAA191B31F6739CF0076CDC7 /* Assets.xcassets */ = {isa = PBXFileReference; lastKnownFileType = folder.assetcatalog; path = Assets.xcassets; sourceTree = "<group>"; };
		FAA191B61F6739CF0076CDC7 /* Base */ = {isa = PBXFileReference; lastKnownFileType = file.storyboard; name = Base; path = Base.lproj/LaunchScreen.storyboard; sourceTree = "<group>"; };
		FAA191B81F6739CF0076CDC7 /* Info.plist */ = {isa = PBXFileReference; lastKnownFileType = text.plist.xml; path = Info.plist; sourceTree = "<group>"; };
		FAA191BD1F6739CF0076CDC7 /* McberTests.xctest */ = {isa = PBXFileReference; explicitFileType = wrapper.cfbundle; includeInIndex = 0; path = McberTests.xctest; sourceTree = BUILT_PRODUCTS_DIR; };
		FAA191C11F6739CF0076CDC7 /* McberTests.swift */ = {isa = PBXFileReference; lastKnownFileType = sourcecode.swift; path = McberTests.swift; sourceTree = "<group>"; };
		FAA191C31F6739CF0076CDC7 /* Info.plist */ = {isa = PBXFileReference; lastKnownFileType = text.plist.xml; path = Info.plist; sourceTree = "<group>"; };
		FAA191C81F6739CF0076CDC7 /* McberUITests.xctest */ = {isa = PBXFileReference; explicitFileType = wrapper.cfbundle; includeInIndex = 0; path = McberUITests.xctest; sourceTree = BUILT_PRODUCTS_DIR; };
		FAA191CC1F6739CF0076CDC7 /* McberUITests.swift */ = {isa = PBXFileReference; lastKnownFileType = sourcecode.swift; path = McberUITests.swift; sourceTree = "<group>"; };
		FAA191CE1F6739CF0076CDC7 /* Info.plist */ = {isa = PBXFileReference; lastKnownFileType = text.plist.xml; path = Info.plist; sourceTree = "<group>"; };
		FAA191DC1F673A4B0076CDC7 /* BaseCollectionViewController.swift */ = {isa = PBXFileReference; fileEncoding = 4; lastKnownFileType = sourcecode.swift; path = BaseCollectionViewController.swift; sourceTree = "<group>"; };
		FAA191DD1F673A4B0076CDC7 /* BaseViewController.swift */ = {isa = PBXFileReference; fileEncoding = 4; lastKnownFileType = sourcecode.swift; path = BaseViewController.swift; sourceTree = "<group>"; };
		FAA191DE1F673A4B0076CDC7 /* CollectionViewSectionController.swift */ = {isa = PBXFileReference; fileEncoding = 4; lastKnownFileType = sourcecode.swift; path = CollectionViewSectionController.swift; sourceTree = "<group>"; };
		FAA191E11F673A4B0076CDC7 /* NetAPIService.swift */ = {isa = PBXFileReference; fileEncoding = 4; lastKnownFileType = sourcecode.swift; path = NetAPIService.swift; sourceTree = "<group>"; };
		FAA191E21F673A4B0076CDC7 /* ServiceLocator.swift */ = {isa = PBXFileReference; fileEncoding = 4; lastKnownFileType = sourcecode.swift; path = ServiceLocator.swift; sourceTree = "<group>"; };
		FAA191E41F673A4B0076CDC7 /* ThemedCollectionReusableView.swift */ = {isa = PBXFileReference; fileEncoding = 4; lastKnownFileType = sourcecode.swift; path = ThemedCollectionReusableView.swift; sourceTree = "<group>"; };
		FAA191E51F673A4B0076CDC7 /* ThemedCollectionViewCell.swift */ = {isa = PBXFileReference; fileEncoding = 4; lastKnownFileType = sourcecode.swift; path = ThemedCollectionViewCell.swift; sourceTree = "<group>"; };
		FAA191E61F673A4B0076CDC7 /* ThemeService.swift */ = {isa = PBXFileReference; fileEncoding = 4; lastKnownFileType = sourcecode.swift; path = ThemeService.swift; sourceTree = "<group>"; };
		FAA191E81F673A4B0076CDC7 /* ObserverSet.swift */ = {isa = PBXFileReference; fileEncoding = 4; lastKnownFileType = sourcecode.swift; path = ObserverSet.swift; sourceTree = "<group>"; };
		FAA191F91F673BF40076CDC7 /* RootViewController.swift */ = {isa = PBXFileReference; fileEncoding = 4; lastKnownFileType = sourcecode.swift; path = RootViewController.swift; sourceTree = "<group>"; };
		FAA191FC1F673EAB0076CDC7 /* UserModel.swift */ = {isa = PBXFileReference; fileEncoding = 4; lastKnownFileType = sourcecode.swift; path = UserModel.swift; sourceTree = "<group>"; };
		FAA191FE1F673ED00076CDC7 /* LoginResponse.swift */ = {isa = PBXFileReference; fileEncoding = 4; lastKnownFileType = sourcecode.swift; path = LoginResponse.swift; sourceTree = "<group>"; };
		FAA192001F673F200076CDC7 /* RealmModel.swift */ = {isa = PBXFileReference; fileEncoding = 4; lastKnownFileType = sourcecode.swift; path = RealmModel.swift; sourceTree = "<group>"; };
		FAD01BC71F6CB4A500DE39B3 /* ActivityModel.swift */ = {isa = PBXFileReference; fileEncoding = 4; lastKnownFileType = sourcecode.swift; path = ActivityModel.swift; sourceTree = "<group>"; };
		FAD01BC91F6CB6C700DE39B3 /* ActivityService.swift */ = {isa = PBXFileReference; fileEncoding = 4; lastKnownFileType = sourcecode.swift; path = ActivityService.swift; sourceTree = "<group>"; };
		FAD01BCB1F6CC20100DE39B3 /* ActivityItemCell.swift */ = {isa = PBXFileReference; fileEncoding = 4; lastKnownFileType = sourcecode.swift; path = ActivityItemCell.swift; sourceTree = "<group>"; };
		FAD01BCD1F6CC3DF00DE39B3 /* SectionHeaderView.swift */ = {isa = PBXFileReference; fileEncoding = 4; lastKnownFileType = sourcecode.swift; path = SectionHeaderView.swift; sourceTree = "<group>"; };
		FAD01BCF1F6CD96100DE39B3 /* AvatarDetailViewController.swift */ = {isa = PBXFileReference; fileEncoding = 4; lastKnownFileType = sourcecode.swift; path = AvatarDetailViewController.swift; sourceTree = "<group>"; };
		FAD01BD11F6CDBF000DE39B3 /* AvatarSkillCell.swift */ = {isa = PBXFileReference; fileEncoding = 4; lastKnownFileType = sourcecode.swift; path = AvatarSkillCell.swift; sourceTree = "<group>"; };
		FAD01BD31F6CDE3F00DE39B3 /* ProgressView.swift */ = {isa = PBXFileReference; fileEncoding = 4; lastKnownFileType = sourcecode.swift; path = ProgressView.swift; sourceTree = "<group>"; };
		FAD01BD51F6D05A000DE39B3 /* ResourceCell.swift */ = {isa = PBXFileReference; fileEncoding = 4; lastKnownFileType = sourcecode.swift; path = ResourceCell.swift; sourceTree = "<group>"; };
/* End PBXFileReference section */

/* Begin PBXFrameworksBuildPhase section */
		FAA191A61F6739CF0076CDC7 /* Frameworks */ = {
			isa = PBXFrameworksBuildPhase;
			buildActionMask = 2147483647;
			files = (
				5D0AF146A29E4F2E585AD97E /* Pods_Mcber.framework in Frameworks */,
			);
			runOnlyForDeploymentPostprocessing = 0;
		};
		FAA191BA1F6739CF0076CDC7 /* Frameworks */ = {
			isa = PBXFrameworksBuildPhase;
			buildActionMask = 2147483647;
			files = (
				63BA630D774EA2A9F34D8183 /* Pods_McberTests.framework in Frameworks */,
			);
			runOnlyForDeploymentPostprocessing = 0;
		};
		FAA191C51F6739CF0076CDC7 /* Frameworks */ = {
			isa = PBXFrameworksBuildPhase;
			buildActionMask = 2147483647;
			files = (
			);
			runOnlyForDeploymentPostprocessing = 0;
		};
/* End PBXFrameworksBuildPhase section */

/* Begin PBXGroup section */
		A9B5581EAE52FC19A6D35E61 /* Pods */ = {
			isa = PBXGroup;
			children = (
				6D5E48B446C98391A8AE2E5B /* Pods-Mcber.debug.xcconfig */,
				1F52C8BAE7D2F539995A526F /* Pods-Mcber.release.xcconfig */,
				A2A7EAC70B0497B85FE44831 /* Pods-McberTests.debug.xcconfig */,
				AEFFE4BAF05448C99A8D8564 /* Pods-McberTests.release.xcconfig */,
			);
			name = Pods;
			sourceTree = "<group>";
		};
		BA7293087E059A0C905E3A3C /* Frameworks */ = {
			isa = PBXGroup;
			children = (
				B5FE5D50B3DFDE52674FC3DA /* Pods_Mcber.framework */,
				596BB4177A51AEAA41ABFD10 /* Pods_McberTests.framework */,
			);
			name = Frameworks;
			sourceTree = "<group>";
		};
		FA6CF1141F688D180026D126 /* ref */ = {
			isa = PBXGroup;
			children = (
				FA6CF1151F688D180026D126 /* SkillReferenceModel.swift */,
				FA6CF1171F688D2B0026D126 /* ResourceReferenceModel.swift */,
			);
			path = ref;
			sourceTree = "<group>";
		};
		FA6CF1251F6919150026D126 /* login */ = {
			isa = PBXGroup;
			children = (
				FA6CF1281F69197D0026D126 /* RegisterViewController.swift */,
				FA6CF1261F6919350026D126 /* LoginViewController.swift */,
			);
			path = login;
			sourceTree = "<group>";
		};
		FA6CF1631F6A8C2E0026D126 /* explore */ = {
			isa = PBXGroup;
			children = (
				FA6CF1641F6A91640026D126 /* StartExploreViewController.swift */,
				FA6CF16A1F6A9B3A0026D126 /* RealmCell.swift */,
				FA6CF16C1F6B2DCF0026D126 /* RealmLevelCell.swift */,
				FA6CF16E1F6B2EBD0026D126 /* RealmListViewController.swift */,
			);
			path = explore;
			sourceTree = "<group>";
		};
		FAA191A01F6739CF0076CDC7 = {
			isa = PBXGroup;
			children = (
				FAA191AB1F6739CF0076CDC7 /* Mcber */,
				FAA191C01F6739CF0076CDC7 /* McberTests */,
				FAA191CB1F6739CF0076CDC7 /* McberUITests */,
				FAA191AA1F6739CF0076CDC7 /* Products */,
				A9B5581EAE52FC19A6D35E61 /* Pods */,
				BA7293087E059A0C905E3A3C /* Frameworks */,
			);
			sourceTree = "<group>";
		};
		FAA191AA1F6739CF0076CDC7 /* Products */ = {
			isa = PBXGroup;
			children = (
				FAA191A91F6739CF0076CDC7 /* Mcber.app */,
				FAA191BD1F6739CF0076CDC7 /* McberTests.xctest */,
				FAA191C81F6739CF0076CDC7 /* McberUITests.xctest */,
			);
			name = Products;
			sourceTree = "<group>";
		};
		FAA191AB1F6739CF0076CDC7 /* Mcber */ = {
			isa = PBXGroup;
			children = (
				FAA191DA1F673A4B0076CDC7 /* controllers */,
				FAA191DF1F673A4B0076CDC7 /* model */,
				FAA191E01F673A4B0076CDC7 /* services */,
				FAA191E71F673A4B0076CDC7 /* util */,
				FAA191E91F673A4B0076CDC7 /* views */,
				FAA191AC1F6739CF0076CDC7 /* AppDelegate.swift */,
				FAA191B31F6739CF0076CDC7 /* Assets.xcassets */,
				FAA191B51F6739CF0076CDC7 /* LaunchScreen.storyboard */,
				FAA191B81F6739CF0076CDC7 /* Info.plist */,
			);
			path = Mcber;
			sourceTree = "<group>";
		};
		FAA191C01F6739CF0076CDC7 /* McberTests */ = {
			isa = PBXGroup;
			children = (
				FAA191C11F6739CF0076CDC7 /* McberTests.swift */,
				FAA191C31F6739CF0076CDC7 /* Info.plist */,
			);
			path = McberTests;
			sourceTree = "<group>";
		};
		FAA191CB1F6739CF0076CDC7 /* McberUITests */ = {
			isa = PBXGroup;
			children = (
				FAA191CC1F6739CF0076CDC7 /* McberUITests.swift */,
				FAA191CE1F6739CF0076CDC7 /* Info.plist */,
			);
			path = McberUITests;
			sourceTree = "<group>";
		};
		FAA191DA1F673A4B0076CDC7 /* controllers */ = {
			isa = PBXGroup;
			children = (
				FA6CF1251F6919150026D126 /* login */,
				FAA191F31F673BE30076CDC7 /* activity */,
				FAA191F41F673BE30076CDC7 /* avatar */,
				FAA191F51F673BE30076CDC7 /* bot */,
				FAA191F61F673BE30076CDC7 /* explore */,
				FAA191F71F673BE30076CDC7 /* root */,
				FAA191F81F673BE30076CDC7 /* user */,
				FAA191DB1F673A4B0076CDC7 /* base */,
			);
			path = controllers;
			sourceTree = "<group>";
		};
		FAA191DB1F673A4B0076CDC7 /* base */ = {
			isa = PBXGroup;
			children = (
				FAA191DC1F673A4B0076CDC7 /* BaseCollectionViewController.swift */,
				FAA191DD1F673A4B0076CDC7 /* BaseViewController.swift */,
				FAA191DE1F673A4B0076CDC7 /* CollectionViewSectionController.swift */,
			);
			path = base;
			sourceTree = "<group>";
		};
		FAA191DF1F673A4B0076CDC7 /* model */ = {
			isa = PBXGroup;
			children = (
				FAA191FB1F673E9C0076CDC7 /* api */,
			);
			path = model;
			sourceTree = "<group>";
		};
		FAA191E01F673A4B0076CDC7 /* services */ = {
			isa = PBXGroup;
			children = (
				FA6CF1321F69E0FD0026D126 /* GameStateService.swift */,
				FAD01BC91F6CB6C700DE39B3 /* ActivityService.swift */,
				FA6CF12A1F693E850026D126 /* LoginService.swift */,
				FA6CF1121F688B060026D126 /* MainAPIService.swift */,
				FA6CF1101F688AEC0026D126 /* ReferenceService.swift */,
				FA6CF10E1F688A9B0026D126 /* AnalyticsService.swift */,
				FAA191E11F673A4B0076CDC7 /* NetAPIService.swift */,
				FAA191E21F673A4B0076CDC7 /* ServiceLocator.swift */,
				FAA191E31F673A4B0076CDC7 /* theme */,
			);
			path = services;
			sourceTree = "<group>";
		};
		FAA191E31F673A4B0076CDC7 /* theme */ = {
			isa = PBXGroup;
			children = (
				FAA191E41F673A4B0076CDC7 /* ThemedCollectionReusableView.swift */,
				FAA191E51F673A4B0076CDC7 /* ThemedCollectionViewCell.swift */,
				FAA191E61F673A4B0076CDC7 /* ThemeService.swift */,
			);
			path = theme;
			sourceTree = "<group>";
		};
		FAA191E71F673A4B0076CDC7 /* util */ = {
			isa = PBXGroup;
			children = (
				FAA191E81F673A4B0076CDC7 /* ObserverSet.swift */,
			);
			path = util;
			sourceTree = "<group>";
		};
		FAA191E91F673A4B0076CDC7 /* views */ = {
			isa = PBXGroup;
			children = (
				FAD01BCD1F6CC3DF00DE39B3 /* SectionHeaderView.swift */,
				FA6CF1661F6A93550026D126 /* ForwardNavigationCell.swift */,
				FA6CF1681F6A94EF0026D126 /* ForwardNavigationHeader.swift */,
				FAD01BD31F6CDE3F00DE39B3 /* ProgressView.swift */,
			);
			path = views;
			sourceTree = "<group>";
		};
		FAA191F31F673BE30076CDC7 /* activity */ = {
			isa = PBXGroup;
			children = (
				FA6CF1631F6A8C2E0026D126 /* explore */,
				FA6CF1301F69DF210026D126 /* ActivityListViewController.swift */,
				FAD01BCB1F6CC20100DE39B3 /* ActivityItemCell.swift */,
			);
			path = activity;
			sourceTree = "<group>";
		};
		FAA191F41F673BE30076CDC7 /* avatar */ = {
			isa = PBXGroup;
			children = (
				FA6CF12C1F69DEDD0026D126 /* AvatarListViewController.swift */,
				FA6CF15B1F6A66DA0026D126 /* AvatarCell.swift */,
				FAD01BCF1F6CD96100DE39B3 /* AvatarDetailViewController.swift */,
				FAD01BD11F6CDBF000DE39B3 /* AvatarSkillCell.swift */,
			);
			path = avatar;
			sourceTree = "<group>";
		};
		FAA191F51F673BE30076CDC7 /* bot */ = {
			isa = PBXGroup;
			children = (
			);
			path = bot;
			sourceTree = "<group>";
		};
		FAA191F61F673BE30076CDC7 /* explore */ = {
			isa = PBXGroup;
			children = (
			);
			path = explore;
			sourceTree = "<group>";
		};
		FAA191F71F673BE30076CDC7 /* root */ = {
			isa = PBXGroup;
			children = (
				FAA191F91F673BF40076CDC7 /* RootViewController.swift */,
			);
			path = root;
			sourceTree = "<group>";
		};
		FAA191F81F673BE30076CDC7 /* user */ = {
			isa = PBXGroup;
			children = (
				FA6CF12E1F69DF010026D126 /* UserDetailsViewController.swift */,
				FAD01BD51F6D05A000DE39B3 /* ResourceCell.swift */,
			);
			path = user;
			sourceTree = "<group>";
		};
		FAA191FB1F673E9C0076CDC7 /* api */ = {
			isa = PBXGroup;
			children = (
				FA6CF1141F688D180026D126 /* ref */,
				FAA191FC1F673EAB0076CDC7 /* UserModel.swift */,
				FAA191FE1F673ED00076CDC7 /* LoginResponse.swift */,
				FAA192001F673F200076CDC7 /* RealmModel.swift */,
				FA6CF1341F69E1560026D126 /* AvatarModel.swift */,
				FAD01BC71F6CB4A500DE39B3 /* ActivityModel.swift */,
			);
			path = api;
			sourceTree = "<group>";
		};
/* End PBXGroup section */

/* Begin PBXNativeTarget section */
		FAA191A81F6739CF0076CDC7 /* Mcber */ = {
			isa = PBXNativeTarget;
			buildConfigurationList = FAA191D11F6739CF0076CDC7 /* Build configuration list for PBXNativeTarget "Mcber" */;
			buildPhases = (
				435379563707C88A0F6D370C /* [CP] Check Pods Manifest.lock */,
				FAA191A51F6739CF0076CDC7 /* Sources */,
				FAA191A61F6739CF0076CDC7 /* Frameworks */,
				FAA191A71F6739CF0076CDC7 /* Resources */,
				FDDF7CA809D01844ED8CB310 /* [CP] Embed Pods Frameworks */,
				A22B779430F7C1820E942EF2 /* [CP] Copy Pods Resources */,
			);
			buildRules = (
			);
			dependencies = (
			);
			name = Mcber;
			productName = Mcber;
			productReference = FAA191A91F6739CF0076CDC7 /* Mcber.app */;
			productType = "com.apple.product-type.application";
		};
		FAA191BC1F6739CF0076CDC7 /* McberTests */ = {
			isa = PBXNativeTarget;
			buildConfigurationList = FAA191D41F6739CF0076CDC7 /* Build configuration list for PBXNativeTarget "McberTests" */;
			buildPhases = (
				E37FB3082D0760356C9D1CEB /* [CP] Check Pods Manifest.lock */,
				FAA191B91F6739CF0076CDC7 /* Sources */,
				FAA191BA1F6739CF0076CDC7 /* Frameworks */,
				FAA191BB1F6739CF0076CDC7 /* Resources */,
				E133CA77FC8CFF1ED5283287 /* [CP] Embed Pods Frameworks */,
				E6FA76D5842842EBC9BB0F9F /* [CP] Copy Pods Resources */,
			);
			buildRules = (
			);
			dependencies = (
				FAA191BF1F6739CF0076CDC7 /* PBXTargetDependency */,
			);
			name = McberTests;
			productName = McberTests;
			productReference = FAA191BD1F6739CF0076CDC7 /* McberTests.xctest */;
			productType = "com.apple.product-type.bundle.unit-test";
		};
		FAA191C71F6739CF0076CDC7 /* McberUITests */ = {
			isa = PBXNativeTarget;
			buildConfigurationList = FAA191D71F6739CF0076CDC7 /* Build configuration list for PBXNativeTarget "McberUITests" */;
			buildPhases = (
				FAA191C41F6739CF0076CDC7 /* Sources */,
				FAA191C51F6739CF0076CDC7 /* Frameworks */,
				FAA191C61F6739CF0076CDC7 /* Resources */,
			);
			buildRules = (
			);
			dependencies = (
				FAA191CA1F6739CF0076CDC7 /* PBXTargetDependency */,
			);
			name = McberUITests;
			productName = McberUITests;
			productReference = FAA191C81F6739CF0076CDC7 /* McberUITests.xctest */;
			productType = "com.apple.product-type.bundle.ui-testing";
		};
/* End PBXNativeTarget section */

/* Begin PBXProject section */
		FAA191A11F6739CF0076CDC7 /* Project object */ = {
			isa = PBXProject;
			attributes = {
				LastSwiftUpdateCheck = 0830;
				LastUpgradeCheck = 0830;
				ORGANIZATIONNAME = "Alex Skorulis";
				TargetAttributes = {
					FAA191A81F6739CF0076CDC7 = {
						CreatedOnToolsVersion = 8.3.3;
						DevelopmentTeam = X4S6MUZL2D;
						ProvisioningStyle = Automatic;
					};
					FAA191BC1F6739CF0076CDC7 = {
						CreatedOnToolsVersion = 8.3.3;
						DevelopmentTeam = X4S6MUZL2D;
						ProvisioningStyle = Automatic;
						TestTargetID = FAA191A81F6739CF0076CDC7;
					};
					FAA191C71F6739CF0076CDC7 = {
						CreatedOnToolsVersion = 8.3.3;
						DevelopmentTeam = X4S6MUZL2D;
						ProvisioningStyle = Automatic;
						TestTargetID = FAA191A81F6739CF0076CDC7;
					};
				};
			};
			buildConfigurationList = FAA191A41F6739CF0076CDC7 /* Build configuration list for PBXProject "Mcber" */;
			compatibilityVersion = "Xcode 3.2";
			developmentRegion = English;
			hasScannedForEncodings = 0;
			knownRegions = (
				en,
				Base,
			);
			mainGroup = FAA191A01F6739CF0076CDC7;
			productRefGroup = FAA191AA1F6739CF0076CDC7 /* Products */;
			projectDirPath = "";
			projectRoot = "";
			targets = (
				FAA191A81F6739CF0076CDC7 /* Mcber */,
				FAA191BC1F6739CF0076CDC7 /* McberTests */,
				FAA191C71F6739CF0076CDC7 /* McberUITests */,
			);
		};
/* End PBXProject section */

/* Begin PBXResourcesBuildPhase section */
		FAA191A71F6739CF0076CDC7 /* Resources */ = {
			isa = PBXResourcesBuildPhase;
			buildActionMask = 2147483647;
			files = (
				FAA191B71F6739CF0076CDC7 /* LaunchScreen.storyboard in Resources */,
				FAA191B41F6739CF0076CDC7 /* Assets.xcassets in Resources */,
			);
			runOnlyForDeploymentPostprocessing = 0;
		};
		FAA191BB1F6739CF0076CDC7 /* Resources */ = {
			isa = PBXResourcesBuildPhase;
			buildActionMask = 2147483647;
			files = (
			);
			runOnlyForDeploymentPostprocessing = 0;
		};
		FAA191C61F6739CF0076CDC7 /* Resources */ = {
			isa = PBXResourcesBuildPhase;
			buildActionMask = 2147483647;
			files = (
			);
			runOnlyForDeploymentPostprocessing = 0;
		};
/* End PBXResourcesBuildPhase section */

/* Begin PBXShellScriptBuildPhase section */
		435379563707C88A0F6D370C /* [CP] Check Pods Manifest.lock */ = {
			isa = PBXShellScriptBuildPhase;
			buildActionMask = 2147483647;
			files = (
			);
			inputPaths = (
			);
			name = "[CP] Check Pods Manifest.lock";
			outputPaths = (
			);
			runOnlyForDeploymentPostprocessing = 0;
			shellPath = /bin/sh;
			shellScript = "diff \"${PODS_ROOT}/../Podfile.lock\" \"${PODS_ROOT}/Manifest.lock\" > /dev/null\nif [ $? != 0 ] ; then\n    # print error to STDERR\n    echo \"error: The sandbox is not in sync with the Podfile.lock. Run 'pod install' or update your CocoaPods installation.\" >&2\n    exit 1\nfi\n";
			showEnvVarsInLog = 0;
		};
		A22B779430F7C1820E942EF2 /* [CP] Copy Pods Resources */ = {
			isa = PBXShellScriptBuildPhase;
			buildActionMask = 2147483647;
			files = (
			);
			inputPaths = (
			);
			name = "[CP] Copy Pods Resources";
			outputPaths = (
			);
			runOnlyForDeploymentPostprocessing = 0;
			shellPath = /bin/sh;
			shellScript = "\"${SRCROOT}/Pods/Target Support Files/Pods-Mcber/Pods-Mcber-resources.sh\"\n";
			showEnvVarsInLog = 0;
		};
		E133CA77FC8CFF1ED5283287 /* [CP] Embed Pods Frameworks */ = {
			isa = PBXShellScriptBuildPhase;
			buildActionMask = 2147483647;
			files = (
			);
			inputPaths = (
			);
			name = "[CP] Embed Pods Frameworks";
			outputPaths = (
			);
			runOnlyForDeploymentPostprocessing = 0;
			shellPath = /bin/sh;
			shellScript = "\"${SRCROOT}/Pods/Target Support Files/Pods-McberTests/Pods-McberTests-frameworks.sh\"\n";
			showEnvVarsInLog = 0;
		};
		E37FB3082D0760356C9D1CEB /* [CP] Check Pods Manifest.lock */ = {
			isa = PBXShellScriptBuildPhase;
			buildActionMask = 2147483647;
			files = (
			);
			inputPaths = (
			);
			name = "[CP] Check Pods Manifest.lock";
			outputPaths = (
			);
			runOnlyForDeploymentPostprocessing = 0;
			shellPath = /bin/sh;
			shellScript = "diff \"${PODS_ROOT}/../Podfile.lock\" \"${PODS_ROOT}/Manifest.lock\" > /dev/null\nif [ $? != 0 ] ; then\n    # print error to STDERR\n    echo \"error: The sandbox is not in sync with the Podfile.lock. Run 'pod install' or update your CocoaPods installation.\" >&2\n    exit 1\nfi\n";
			showEnvVarsInLog = 0;
		};
		E6FA76D5842842EBC9BB0F9F /* [CP] Copy Pods Resources */ = {
			isa = PBXShellScriptBuildPhase;
			buildActionMask = 2147483647;
			files = (
			);
			inputPaths = (
			);
			name = "[CP] Copy Pods Resources";
			outputPaths = (
			);
			runOnlyForDeploymentPostprocessing = 0;
			shellPath = /bin/sh;
			shellScript = "\"${SRCROOT}/Pods/Target Support Files/Pods-McberTests/Pods-McberTests-resources.sh\"\n";
			showEnvVarsInLog = 0;
		};
		FDDF7CA809D01844ED8CB310 /* [CP] Embed Pods Frameworks */ = {
			isa = PBXShellScriptBuildPhase;
			buildActionMask = 2147483647;
			files = (
			);
			inputPaths = (
			);
			name = "[CP] Embed Pods Frameworks";
			outputPaths = (
			);
			runOnlyForDeploymentPostprocessing = 0;
			shellPath = /bin/sh;
			shellScript = "\"${SRCROOT}/Pods/Target Support Files/Pods-Mcber/Pods-Mcber-frameworks.sh\"\n";
			showEnvVarsInLog = 0;
		};
/* End PBXShellScriptBuildPhase section */

/* Begin PBXSourcesBuildPhase section */
		FAA191A51F6739CF0076CDC7 /* Sources */ = {
			isa = PBXSourcesBuildPhase;
			buildActionMask = 2147483647;
			files = (
				FAA191F21F673A4B0076CDC7 /* ObserverSet.swift in Sources */,
				FAA192011F673F200076CDC7 /* RealmModel.swift in Sources */,
				FA6CF1651F6A91640026D126 /* StartExploreViewController.swift in Sources */,
				FA6CF15C1F6A66DA0026D126 /* AvatarCell.swift in Sources */,
				FA6CF12D1F69DEDD0026D126 /* AvatarListViewController.swift in Sources */,
				FAD01BC81F6CB4A500DE39B3 /* ActivityModel.swift in Sources */,
				FAD01BD21F6CDBF000DE39B3 /* AvatarSkillCell.swift in Sources */,
				FA6CF1331F69E0FD0026D126 /* GameStateService.swift in Sources */,
				FAD01BD01F6CD96100DE39B3 /* AvatarDetailViewController.swift in Sources */,
				FAD01BCA1F6CB6C700DE39B3 /* ActivityService.swift in Sources */,
				FAA191EF1F673A4B0076CDC7 /* ThemedCollectionReusableView.swift in Sources */,
				FAD01BCE1F6CC3DF00DE39B3 /* SectionHeaderView.swift in Sources */,
				FAA191EE1F673A4B0076CDC7 /* ServiceLocator.swift in Sources */,
				FA6CF10F1F688A9B0026D126 /* AnalyticsService.swift in Sources */,
				FA6CF1131F688B060026D126 /* MainAPIService.swift in Sources */,
				FAD01BD41F6CDE3F00DE39B3 /* ProgressView.swift in Sources */,
				FAA191FA1F673BF40076CDC7 /* RootViewController.swift in Sources */,
				FAA191F11F673A4B0076CDC7 /* ThemeService.swift in Sources */,
				FA6CF1691F6A94EF0026D126 /* ForwardNavigationHeader.swift in Sources */,
				FA6CF1271F6919350026D126 /* LoginViewController.swift in Sources */,
				FA6CF1291F69197D0026D126 /* RegisterViewController.swift in Sources */,
				FAA191EC1F673A4B0076CDC7 /* CollectionViewSectionController.swift in Sources */,
				FA6CF16F1F6B2EBD0026D126 /* RealmListViewController.swift in Sources */,
				FAA191FF1F673ED00076CDC7 /* LoginResponse.swift in Sources */,
				FA6CF1111F688AEC0026D126 /* ReferenceService.swift in Sources */,
				FAD01BCC1F6CC20100DE39B3 /* ActivityItemCell.swift in Sources */,
				FA6CF1311F69DF210026D126 /* ActivityListViewController.swift in Sources */,
				FA6CF12F1F69DF010026D126 /* UserDetailsViewController.swift in Sources */,
				FA6CF16D1F6B2DCF0026D126 /* RealmLevelCell.swift in Sources */,
				FAA191AD1F6739CF0076CDC7 /* AppDelegate.swift in Sources */,
				FAA191EA1F673A4B0076CDC7 /* BaseCollectionViewController.swift in Sources */,
				FAD01BD61F6D05A000DE39B3 /* ResourceCell.swift in Sources */,
				FAA191ED1F673A4B0076CDC7 /* NetAPIService.swift in Sources */,
				FA6CF1351F69E1560026D126 /* AvatarModel.swift in Sources */,
				FAA191EB1F673A4B0076CDC7 /* BaseViewController.swift in Sources */,
				FA6CF12B1F693E850026D126 /* LoginService.swift in Sources */,
				FA6CF1671F6A93550026D126 /* ForwardNavigationCell.swift in Sources */,
				FA6CF16B1F6A9B3A0026D126 /* RealmCell.swift in Sources */,
				FA6CF1181F688D2B0026D126 /* ResourceReferenceModel.swift in Sources */,
				FAA191FD1F673EAB0076CDC7 /* UserModel.swift in Sources */,
				FAA191F01F673A4B0076CDC7 /* ThemedCollectionViewCell.swift in Sources */,
				FA6CF1161F688D180026D126 /* SkillReferenceModel.swift in Sources */,
			);
			runOnlyForDeploymentPostprocessing = 0;
		};
		FAA191B91F6739CF0076CDC7 /* Sources */ = {
			isa = PBXSourcesBuildPhase;
			buildActionMask = 2147483647;
			files = (
				FAA191C21F6739CF0076CDC7 /* McberTests.swift in Sources */,
			);
			runOnlyForDeploymentPostprocessing = 0;
		};
		FAA191C41F6739CF0076CDC7 /* Sources */ = {
			isa = PBXSourcesBuildPhase;
			buildActionMask = 2147483647;
			files = (
				FAA191CD1F6739CF0076CDC7 /* McberUITests.swift in Sources */,
			);
			runOnlyForDeploymentPostprocessing = 0;
		};
/* End PBXSourcesBuildPhase section */

/* Begin PBXTargetDependency section */
		FAA191BF1F6739CF0076CDC7 /* PBXTargetDependency */ = {
			isa = PBXTargetDependency;
			target = FAA191A81F6739CF0076CDC7 /* Mcber */;
			targetProxy = FAA191BE1F6739CF0076CDC7 /* PBXContainerItemProxy */;
		};
		FAA191CA1F6739CF0076CDC7 /* PBXTargetDependency */ = {
			isa = PBXTargetDependency;
			target = FAA191A81F6739CF0076CDC7 /* Mcber */;
			targetProxy = FAA191C91F6739CF0076CDC7 /* PBXContainerItemProxy */;
		};
/* End PBXTargetDependency section */

/* Begin PBXVariantGroup section */
		FAA191B51F6739CF0076CDC7 /* LaunchScreen.storyboard */ = {
			isa = PBXVariantGroup;
			children = (
				FAA191B61F6739CF0076CDC7 /* Base */,
			);
			name = LaunchScreen.storyboard;
			sourceTree = "<group>";
		};
/* End PBXVariantGroup section */

/* Begin XCBuildConfiguration section */
		FAA191CF1F6739CF0076CDC7 /* Debug */ = {
			isa = XCBuildConfiguration;
			buildSettings = {
				ALWAYS_SEARCH_USER_PATHS = NO;
				CLANG_ANALYZER_NONNULL = YES;
				CLANG_ANALYZER_NUMBER_OBJECT_CONVERSION = YES_AGGRESSIVE;
				CLANG_CXX_LANGUAGE_STANDARD = "gnu++0x";
				CLANG_CXX_LIBRARY = "libc++";
				CLANG_ENABLE_MODULES = YES;
				CLANG_ENABLE_OBJC_ARC = YES;
				CLANG_WARN_BOOL_CONVERSION = YES;
				CLANG_WARN_CONSTANT_CONVERSION = YES;
				CLANG_WARN_DIRECT_OBJC_ISA_USAGE = YES_ERROR;
				CLANG_WARN_DOCUMENTATION_COMMENTS = YES;
				CLANG_WARN_EMPTY_BODY = YES;
				CLANG_WARN_ENUM_CONVERSION = YES;
				CLANG_WARN_INFINITE_RECURSION = YES;
				CLANG_WARN_INT_CONVERSION = YES;
				CLANG_WARN_OBJC_ROOT_CLASS = YES_ERROR;
				CLANG_WARN_SUSPICIOUS_MOVE = YES;
				CLANG_WARN_UNREACHABLE_CODE = YES;
				CLANG_WARN__DUPLICATE_METHOD_MATCH = YES;
				"CODE_SIGN_IDENTITY[sdk=iphoneos*]" = "iPhone Developer";
				COPY_PHASE_STRIP = NO;
				DEBUG_INFORMATION_FORMAT = dwarf;
				ENABLE_STRICT_OBJC_MSGSEND = YES;
				ENABLE_TESTABILITY = YES;
				GCC_C_LANGUAGE_STANDARD = gnu99;
				GCC_DYNAMIC_NO_PIC = NO;
				GCC_NO_COMMON_BLOCKS = YES;
				GCC_OPTIMIZATION_LEVEL = 0;
				GCC_PREPROCESSOR_DEFINITIONS = (
					"DEBUG=1",
					"$(inherited)",
				);
				GCC_WARN_64_TO_32_BIT_CONVERSION = YES;
				GCC_WARN_ABOUT_RETURN_TYPE = YES_ERROR;
				GCC_WARN_UNDECLARED_SELECTOR = YES;
				GCC_WARN_UNINITIALIZED_AUTOS = YES_AGGRESSIVE;
				GCC_WARN_UNUSED_FUNCTION = YES;
				GCC_WARN_UNUSED_VARIABLE = YES;
				IPHONEOS_DEPLOYMENT_TARGET = 10.3;
				MTL_ENABLE_DEBUG_INFO = YES;
				ONLY_ACTIVE_ARCH = YES;
				SDKROOT = iphoneos;
				SWIFT_ACTIVE_COMPILATION_CONDITIONS = DEBUG;
				SWIFT_OPTIMIZATION_LEVEL = "-Onone";
			};
			name = Debug;
		};
		FAA191D01F6739CF0076CDC7 /* Release */ = {
			isa = XCBuildConfiguration;
			buildSettings = {
				ALWAYS_SEARCH_USER_PATHS = NO;
				CLANG_ANALYZER_NONNULL = YES;
				CLANG_ANALYZER_NUMBER_OBJECT_CONVERSION = YES_AGGRESSIVE;
				CLANG_CXX_LANGUAGE_STANDARD = "gnu++0x";
				CLANG_CXX_LIBRARY = "libc++";
				CLANG_ENABLE_MODULES = YES;
				CLANG_ENABLE_OBJC_ARC = YES;
				CLANG_WARN_BOOL_CONVERSION = YES;
				CLANG_WARN_CONSTANT_CONVERSION = YES;
				CLANG_WARN_DIRECT_OBJC_ISA_USAGE = YES_ERROR;
				CLANG_WARN_DOCUMENTATION_COMMENTS = YES;
				CLANG_WARN_EMPTY_BODY = YES;
				CLANG_WARN_ENUM_CONVERSION = YES;
				CLANG_WARN_INFINITE_RECURSION = YES;
				CLANG_WARN_INT_CONVERSION = YES;
				CLANG_WARN_OBJC_ROOT_CLASS = YES_ERROR;
				CLANG_WARN_SUSPICIOUS_MOVE = YES;
				CLANG_WARN_UNREACHABLE_CODE = YES;
				CLANG_WARN__DUPLICATE_METHOD_MATCH = YES;
				"CODE_SIGN_IDENTITY[sdk=iphoneos*]" = "iPhone Developer";
				COPY_PHASE_STRIP = NO;
				DEBUG_INFORMATION_FORMAT = "dwarf-with-dsym";
				ENABLE_NS_ASSERTIONS = NO;
				ENABLE_STRICT_OBJC_MSGSEND = YES;
				GCC_C_LANGUAGE_STANDARD = gnu99;
				GCC_NO_COMMON_BLOCKS = YES;
				GCC_WARN_64_TO_32_BIT_CONVERSION = YES;
				GCC_WARN_ABOUT_RETURN_TYPE = YES_ERROR;
				GCC_WARN_UNDECLARED_SELECTOR = YES;
				GCC_WARN_UNINITIALIZED_AUTOS = YES_AGGRESSIVE;
				GCC_WARN_UNUSED_FUNCTION = YES;
				GCC_WARN_UNUSED_VARIABLE = YES;
				IPHONEOS_DEPLOYMENT_TARGET = 10.3;
				MTL_ENABLE_DEBUG_INFO = NO;
				SDKROOT = iphoneos;
				SWIFT_OPTIMIZATION_LEVEL = "-Owholemodule";
				VALIDATE_PRODUCT = YES;
			};
			name = Release;
		};
		FAA191D21F6739CF0076CDC7 /* Debug */ = {
			isa = XCBuildConfiguration;
			baseConfigurationReference = 6D5E48B446C98391A8AE2E5B /* Pods-Mcber.debug.xcconfig */;
			buildSettings = {
				ASSETCATALOG_COMPILER_APPICON_NAME = AppIcon;
				DEVELOPMENT_TEAM = X4S6MUZL2D;
				INFOPLIST_FILE = Mcber/Info.plist;
				LD_RUNPATH_SEARCH_PATHS = "$(inherited) @executable_path/Frameworks";
				PRODUCT_BUNDLE_IDENTIFIER = com.skorulis.Mcber;
				PRODUCT_NAME = "$(TARGET_NAME)";
				SWIFT_VERSION = 3.0;
			};
			name = Debug;
		};
		FAA191D31F6739CF0076CDC7 /* Release */ = {
			isa = XCBuildConfiguration;
			baseConfigurationReference = 1F52C8BAE7D2F539995A526F /* Pods-Mcber.release.xcconfig */;
			buildSettings = {
				ASSETCATALOG_COMPILER_APPICON_NAME = AppIcon;
				DEVELOPMENT_TEAM = X4S6MUZL2D;
				INFOPLIST_FILE = Mcber/Info.plist;
				LD_RUNPATH_SEARCH_PATHS = "$(inherited) @executable_path/Frameworks";
				PRODUCT_BUNDLE_IDENTIFIER = com.skorulis.Mcber;
				PRODUCT_NAME = "$(TARGET_NAME)";
				SWIFT_VERSION = 3.0;
			};
			name = Release;
		};
		FAA191D51F6739CF0076CDC7 /* Debug */ = {
			isa = XCBuildConfiguration;
			baseConfigurationReference = A2A7EAC70B0497B85FE44831 /* Pods-McberTests.debug.xcconfig */;
			buildSettings = {
				ALWAYS_EMBED_SWIFT_STANDARD_LIBRARIES = YES;
				BUNDLE_LOADER = "$(TEST_HOST)";
				DEVELOPMENT_TEAM = X4S6MUZL2D;
				INFOPLIST_FILE = McberTests/Info.plist;
				LD_RUNPATH_SEARCH_PATHS = "$(inherited) @executable_path/Frameworks @loader_path/Frameworks";
				PRODUCT_BUNDLE_IDENTIFIER = com.skorulis.McberTests;
				PRODUCT_NAME = "$(TARGET_NAME)";
				SWIFT_VERSION = 3.0;
				TEST_HOST = "$(BUILT_PRODUCTS_DIR)/Mcber.app/Mcber";
			};
			name = Debug;
		};
		FAA191D61F6739CF0076CDC7 /* Release */ = {
			isa = XCBuildConfiguration;
			baseConfigurationReference = AEFFE4BAF05448C99A8D8564 /* Pods-McberTests.release.xcconfig */;
			buildSettings = {
				ALWAYS_EMBED_SWIFT_STANDARD_LIBRARIES = YES;
				BUNDLE_LOADER = "$(TEST_HOST)";
				DEVELOPMENT_TEAM = X4S6MUZL2D;
				INFOPLIST_FILE = McberTests/Info.plist;
				LD_RUNPATH_SEARCH_PATHS = "$(inherited) @executable_path/Frameworks @loader_path/Frameworks";
				PRODUCT_BUNDLE_IDENTIFIER = com.skorulis.McberTests;
				PRODUCT_NAME = "$(TARGET_NAME)";
				SWIFT_VERSION = 3.0;
				TEST_HOST = "$(BUILT_PRODUCTS_DIR)/Mcber.app/Mcber";
			};
			name = Release;
		};
		FAA191D81F6739CF0076CDC7 /* Debug */ = {
			isa = XCBuildConfiguration;
			buildSettings = {
				ALWAYS_EMBED_SWIFT_STANDARD_LIBRARIES = YES;
				DEVELOPMENT_TEAM = X4S6MUZL2D;
				INFOPLIST_FILE = McberUITests/Info.plist;
				LD_RUNPATH_SEARCH_PATHS = "$(inherited) @executable_path/Frameworks @loader_path/Frameworks";
				PRODUCT_BUNDLE_IDENTIFIER = com.skorulis.McberUITests;
				PRODUCT_NAME = "$(TARGET_NAME)";
				SWIFT_VERSION = 3.0;
				TEST_TARGET_NAME = Mcber;
			};
			name = Debug;
		};
		FAA191D91F6739CF0076CDC7 /* Release */ = {
			isa = XCBuildConfiguration;
			buildSettings = {
				ALWAYS_EMBED_SWIFT_STANDARD_LIBRARIES = YES;
				DEVELOPMENT_TEAM = X4S6MUZL2D;
				INFOPLIST_FILE = McberUITests/Info.plist;
				LD_RUNPATH_SEARCH_PATHS = "$(inherited) @executable_path/Frameworks @loader_path/Frameworks";
				PRODUCT_BUNDLE_IDENTIFIER = com.skorulis.McberUITests;
				PRODUCT_NAME = "$(TARGET_NAME)";
				SWIFT_VERSION = 3.0;
				TEST_TARGET_NAME = Mcber;
			};
			name = Release;
		};
/* End XCBuildConfiguration section */

/* Begin XCConfigurationList section */
		FAA191A41F6739CF0076CDC7 /* Build configuration list for PBXProject "Mcber" */ = {
			isa = XCConfigurationList;
			buildConfigurations = (
				FAA191CF1F6739CF0076CDC7 /* Debug */,
				FAA191D01F6739CF0076CDC7 /* Release */,
			);
			defaultConfigurationIsVisible = 0;
			defaultConfigurationName = Release;
		};
		FAA191D11F6739CF0076CDC7 /* Build configuration list for PBXNativeTarget "Mcber" */ = {
			isa = XCConfigurationList;
			buildConfigurations = (
				FAA191D21F6739CF0076CDC7 /* Debug */,
				FAA191D31F6739CF0076CDC7 /* Release */,
			);
			defaultConfigurationIsVisible = 0;
			defaultConfigurationName = Release;
		};
		FAA191D41F6739CF0076CDC7 /* Build configuration list for PBXNativeTarget "McberTests" */ = {
			isa = XCConfigurationList;
			buildConfigurations = (
				FAA191D51F6739CF0076CDC7 /* Debug */,
				FAA191D61F6739CF0076CDC7 /* Release */,
			);
			defaultConfigurationIsVisible = 0;
			defaultConfigurationName = Release;
		};
		FAA191D71F6739CF0076CDC7 /* Build configuration list for PBXNativeTarget "McberUITests" */ = {
			isa = XCConfigurationList;
			buildConfigurations = (
				FAA191D81F6739CF0076CDC7 /* Debug */,
				FAA191D91F6739CF0076CDC7 /* Release */,
			);
			defaultConfigurationIsVisible = 0;
			defaultConfigurationName = Release;
		};
/* End XCConfigurationList section */
	};
	rootObject = FAA191A11F6739CF0076CDC7 /* Project object */;
}
